
Microsoft Visual Studio Solution File, Format Version 12.00
# Visual Studio 15
VisualStudioVersion = 15.0.26403.7
MinimumVisualStudioVersion = 10.0.40219.1
Project("{FAE04EC0-301F-11D3-BF4B-00C04F79EFBC}") = "WebSiteBanDienThoai", "WebSiteBanDienThoai\WebSiteBanDienThoai.csproj", "{4808A650-9EFB-4339-AC3F-9D5912E2BBB2}"
EndProject
Global
	GlobalSection(SolutionConfigurationPlatforms) = preSolution
		Debug|Any CPU = Debug|Any CPU
		Release|Any CPU = Release|Any CPU
	EndGlobalSection
	GlobalSection(ProjectConfigurationPlatforms) = postSolution
		{4808A650-9EFB-4339-AC3F-9D5912E2BBB2}.Debug|Any CPU.ActiveCfg = Debug|Any CPU
		{4808A650-9EFB-4339-AC3F-9D5912E2BBB2}.Debug|Any CPU.Build.0 = Debug|Any CPU
		{4808A650-9EFB-4339-AC3F-9D5912E2BBB2}.Release|Any CPU.ActiveCfg = Release|Any CPU
		{4808A650-9EFB-4339-AC3F-9D5912E2BBB2}.Release|Any CPU.Build.0 = Release|Any CPU
	EndGlobalSection
	GlobalSection(SolutionProperties) = preSolution
		HideSolutionNode = FALSE
	EndGlobalSection
	GlobalSection(ExtensibilityGlobals) = postSolution
		SolutionGuid = {30E67C79-2A5C-49F9-AB07-F7FC3885EBA3}
	EndGlobalSection
	
EndGlobal
